// !$*UTF8*$!
{
	archiveVersion = 1;
	classes = {
	};
	objectVersion = 50;
	objects = {

/* Begin PBXBuildFile section */
		3026FF14F79FA6229B9F5222 /* Pods_Pomodoro.framework in Frameworks */ = {isa = PBXBuildFile; fileRef = 4D3E442AC1F63F9178A0C350 /* Pods_Pomodoro.framework */; };
		B201834A210E9BD1009E1AD5 /* AppDelegate.swift in Sources */ = {isa = PBXBuildFile; fileRef = B2018349210E9BD1009E1AD5 /* AppDelegate.swift */; };
		B201834D210E9BD1009E1AD5 /* Pomodoro_macOS.xcdatamodeld in Sources */ = {isa = PBXBuildFile; fileRef = B201834B210E9BD1009E1AD5 /* Pomodoro_macOS.xcdatamodeld */; };
		B201834F210E9BD2009E1AD5 /* Assets.xcassets in Resources */ = {isa = PBXBuildFile; fileRef = B201834E210E9BD2009E1AD5 /* Assets.xcassets */; };
		B2018352210E9BD2009E1AD5 /* MainMenu.xib in Resources */ = {isa = PBXBuildFile; fileRef = B2018350210E9BD2009E1AD5 /* MainMenu.xib */; };
		B212061C210E9A740073D34C /* AppDelegate.swift in Sources */ = {isa = PBXBuildFile; fileRef = B212061B210E9A740073D34C /* AppDelegate.swift */; };
		B212061E210E9A740073D34C /* ViewController.swift in Sources */ = {isa = PBXBuildFile; fileRef = B212061D210E9A740073D34C /* ViewController.swift */; };
		B2120624210E9A740073D34C /* Pomodoro.xcdatamodeld in Sources */ = {isa = PBXBuildFile; fileRef = B2120622210E9A740073D34C /* Pomodoro.xcdatamodeld */; };
		B2120626210E9A750073D34C /* Assets.xcassets in Resources */ = {isa = PBXBuildFile; fileRef = B2120625210E9A750073D34C /* Assets.xcassets */; };
		B2120629210E9A750073D34C /* LaunchScreen.storyboard in Resources */ = {isa = PBXBuildFile; fileRef = B2120627210E9A750073D34C /* LaunchScreen.storyboard */; };
/* End PBXBuildFile section */

/* Begin PBXFileReference section */
		32A319CBADDE62156617E9C9 /* Pods-Pomodoro.release.xcconfig */ = {isa = PBXFileReference; includeInIndex = 1; lastKnownFileType = text.xcconfig; name = "Pods-Pomodoro.release.xcconfig"; path = "Pods/Target Support Files/Pods-Pomodoro/Pods-Pomodoro.release.xcconfig"; sourceTree = "<group>"; };
		4D3E442AC1F63F9178A0C350 /* Pods_Pomodoro.framework */ = {isa = PBXFileReference; explicitFileType = wrapper.framework; includeInIndex = 0; path = Pods_Pomodoro.framework; sourceTree = BUILT_PRODUCTS_DIR; };
		B2018347210E9BD1009E1AD5 /* Pomodoro macOS.app */ = {isa = PBXFileReference; explicitFileType = wrapper.application; includeInIndex = 0; path = "Pomodoro macOS.app"; sourceTree = BUILT_PRODUCTS_DIR; };
		B2018349210E9BD1009E1AD5 /* AppDelegate.swift */ = {isa = PBXFileReference; lastKnownFileType = sourcecode.swift; path = AppDelegate.swift; sourceTree = "<group>"; };
		B201834C210E9BD1009E1AD5 /* Pomodoro_macOS.xcdatamodel */ = {isa = PBXFileReference; lastKnownFileType = wrapper.xcdatamodel; path = Pomodoro_macOS.xcdatamodel; sourceTree = "<group>"; };
		B201834E210E9BD2009E1AD5 /* Assets.xcassets */ = {isa = PBXFileReference; lastKnownFileType = folder.assetcatalog; path = Assets.xcassets; sourceTree = "<group>"; };
		B2018351210E9BD2009E1AD5 /* Base */ = {isa = PBXFileReference; lastKnownFileType = file.xib; name = Base; path = Base.lproj/MainMenu.xib; sourceTree = "<group>"; };
		B2018353210E9BD2009E1AD5 /* Info.plist */ = {isa = PBXFileReference; lastKnownFileType = text.plist.xml; path = Info.plist; sourceTree = "<group>"; };
		B2018354210E9BD2009E1AD5 /* Pomodoro_macOS.entitlements */ = {isa = PBXFileReference; lastKnownFileType = text.plist.entitlements; path = Pomodoro_macOS.entitlements; sourceTree = "<group>"; };
		B2120618210E9A740073D34C /* Pomodoro.app */ = {isa = PBXFileReference; explicitFileType = wrapper.application; includeInIndex = 0; path = Pomodoro.app; sourceTree = BUILT_PRODUCTS_DIR; };
		B212061B210E9A740073D34C /* AppDelegate.swift */ = {isa = PBXFileReference; lastKnownFileType = sourcecode.swift; path = AppDelegate.swift; sourceTree = "<group>"; };
		B212061D210E9A740073D34C /* ViewController.swift */ = {isa = PBXFileReference; lastKnownFileType = sourcecode.swift; path = ViewController.swift; sourceTree = "<group>"; };
		B2120623210E9A740073D34C /* Pomodoro.xcdatamodel */ = {isa = PBXFileReference; lastKnownFileType = wrapper.xcdatamodel; path = Pomodoro.xcdatamodel; sourceTree = "<group>"; };
		B2120625210E9A750073D34C /* Assets.xcassets */ = {isa = PBXFileReference; lastKnownFileType = folder.assetcatalog; path = Assets.xcassets; sourceTree = "<group>"; };
		B2120628210E9A750073D34C /* Base */ = {isa = PBXFileReference; lastKnownFileType = file.storyboard; name = Base; path = Base.lproj/LaunchScreen.storyboard; sourceTree = "<group>"; };
		B212062A210E9A750073D34C /* Info.plist */ = {isa = PBXFileReference; lastKnownFileType = text.plist.xml; path = Info.plist; sourceTree = "<group>"; };
		CAE745EB04D9FCF3E3EFDEB1 /* Pods-Pomodoro.debug.xcconfig */ = {isa = PBXFileReference; includeInIndex = 1; lastKnownFileType = text.xcconfig; name = "Pods-Pomodoro.debug.xcconfig"; path = "Pods/Target Support Files/Pods-Pomodoro/Pods-Pomodoro.debug.xcconfig"; sourceTree = "<group>"; };
/* End PBXFileReference section */

/* Begin PBXFrameworksBuildPhase section */
		B2018344210E9BD1009E1AD5 /* Frameworks */ = {
			isa = PBXFrameworksBuildPhase;
			buildActionMask = 2147483647;
			files = (
			);
			runOnlyForDeploymentPostprocessing = 0;
		};
		B2120615210E9A740073D34C /* Frameworks */ = {
			isa = PBXFrameworksBuildPhase;
			buildActionMask = 2147483647;
			files = (
				3026FF14F79FA6229B9F5222 /* Pods_Pomodoro.framework in Frameworks */,
			);
			runOnlyForDeploymentPostprocessing = 0;
		};
/* End PBXFrameworksBuildPhase section */

/* Begin PBXGroup section */
		5F45D8BA35925C53E9B17295 /* Frameworks */ = {
			isa = PBXGroup;
			children = (
				4D3E442AC1F63F9178A0C350 /* Pods_Pomodoro.framework */,
			);
			name = Frameworks;
			sourceTree = "<group>";
		};
		B2018348210E9BD1009E1AD5 /* Pomodoro macOS */ = {
			isa = PBXGroup;
			children = (
				B2018349210E9BD1009E1AD5 /* AppDelegate.swift */,
				B201834E210E9BD2009E1AD5 /* Assets.xcassets */,
				B2018350210E9BD2009E1AD5 /* MainMenu.xib */,
				B2018353210E9BD2009E1AD5 /* Info.plist */,
				B2018354210E9BD2009E1AD5 /* Pomodoro_macOS.entitlements */,
				B201834B210E9BD1009E1AD5 /* Pomodoro_macOS.xcdatamodeld */,
			);
			path = "Pomodoro macOS";
			sourceTree = "<group>";
		};
		B212060F210E9A740073D34C = {
			isa = PBXGroup;
			children = (
				B212061A210E9A740073D34C /* Pomodoro */,
				B2018348210E9BD1009E1AD5 /* Pomodoro macOS */,
				B2120619210E9A740073D34C /* Products */,
				D636C23CB730765D98DF38AF /* Pods */,
				5F45D8BA35925C53E9B17295 /* Frameworks */,
			);
			sourceTree = "<group>";
		};
		B2120619210E9A740073D34C /* Products */ = {
			isa = PBXGroup;
			children = (
				B2120618210E9A740073D34C /* Pomodoro.app */,
				B2018347210E9BD1009E1AD5 /* Pomodoro macOS.app */,
			);
			name = Products;
			sourceTree = "<group>";
		};
		B212061A210E9A740073D34C /* Pomodoro */ = {
			isa = PBXGroup;
			children = (
				B212061B210E9A740073D34C /* AppDelegate.swift */,
				B212061D210E9A740073D34C /* ViewController.swift */,
				B2120625210E9A750073D34C /* Assets.xcassets */,
				B2120627210E9A750073D34C /* LaunchScreen.storyboard */,
				B212062A210E9A750073D34C /* Info.plist */,
				B2120622210E9A740073D34C /* Pomodoro.xcdatamodeld */,
			);
			path = Pomodoro;
			sourceTree = "<group>";
		};
		D636C23CB730765D98DF38AF /* Pods */ = {
			isa = PBXGroup;
			children = (
				CAE745EB04D9FCF3E3EFDEB1 /* Pods-Pomodoro.debug.xcconfig */,
				32A319CBADDE62156617E9C9 /* Pods-Pomodoro.release.xcconfig */,
			);
			name = Pods;
			sourceTree = "<group>";
		};
/* End PBXGroup section */

/* Begin PBXNativeTarget section */
		B2018346210E9BD1009E1AD5 /* Pomodoro macOS */ = {
			isa = PBXNativeTarget;
			buildConfigurationList = B2018357210E9BD2009E1AD5 /* Build configuration list for PBXNativeTarget "Pomodoro macOS" */;
			buildPhases = (
				B2018343210E9BD1009E1AD5 /* Sources */,
				B2018344210E9BD1009E1AD5 /* Frameworks */,
				B2018345210E9BD1009E1AD5 /* Resources */,
			);
			buildRules = (
			);
			dependencies = (
			);
			name = "Pomodoro macOS";
			productName = "Pomodoro macOS";
			productReference = B2018347210E9BD1009E1AD5 /* Pomodoro macOS.app */;
			productType = "com.apple.product-type.application";
		};
		B2120617210E9A740073D34C /* Pomodoro */ = {
			isa = PBXNativeTarget;
			buildConfigurationList = B212062D210E9A750073D34C /* Build configuration list for PBXNativeTarget "Pomodoro" */;
			buildPhases = (
				A24DA12E6951746D48A46694 /* [CP] Check Pods Manifest.lock */,
				B2120614210E9A740073D34C /* Sources */,
				B2120615210E9A740073D34C /* Frameworks */,
				B2120616210E9A740073D34C /* Resources */,
				ADF75CC7ADE98E15A5016F06 /* [CP] Embed Pods Frameworks */,
			);
			buildRules = (
			);
			dependencies = (
			);
			name = Pomodoro;
			productName = Pomodoro;
			productReference = B2120618210E9A740073D34C /* Pomodoro.app */;
			productType = "com.apple.product-type.application";
		};
/* End PBXNativeTarget section */

/* Begin PBXProject section */
		B2120610210E9A740073D34C /* Project object */ = {
			isa = PBXProject;
			attributes = {
				LastSwiftUpdateCheck = 0940;
				LastUpgradeCheck = 0940;
				ORGANIZATIONNAME = Rijn;
				TargetAttributes = {
					B2018346210E9BD1009E1AD5 = {
						CreatedOnToolsVersion = 9.4.1;
					};
					B2120617210E9A740073D34C = {
						CreatedOnToolsVersion = 9.4.1;
					};
				};
			};
			buildConfigurationList = B2120613210E9A740073D34C /* Build configuration list for PBXProject "Pomodoro" */;
			compatibilityVersion = "Xcode 9.3";
			developmentRegion = en;
			hasScannedForEncodings = 0;
			knownRegions = (
				en,
				Base,
			);
			mainGroup = B212060F210E9A740073D34C;
			productRefGroup = B2120619210E9A740073D34C /* Products */;
			projectDirPath = "";
			projectRoot = "";
			targets = (
				B2120617210E9A740073D34C /* Pomodoro */,
				B2018346210E9BD1009E1AD5 /* Pomodoro macOS */,
			);
		};
/* End PBXProject section */

/* Begin PBXResourcesBuildPhase section */
		B2018345210E9BD1009E1AD5 /* Resources */ = {
			isa = PBXResourcesBuildPhase;
			buildActionMask = 2147483647;
			files = (
				B201834F210E9BD2009E1AD5 /* Assets.xcassets in Resources */,
				B2018352210E9BD2009E1AD5 /* MainMenu.xib in Resources */,
			);
			runOnlyForDeploymentPostprocessing = 0;
		};
		B2120616210E9A740073D34C /* Resources */ = {
			isa = PBXResourcesBuildPhase;
			buildActionMask = 2147483647;
			files = (
				B2120629210E9A750073D34C /* LaunchScreen.storyboard in Resources */,
				B2120626210E9A750073D34C /* Assets.xcassets in Resources */,
			);
			runOnlyForDeploymentPostprocessing = 0;
		};
/* End PBXResourcesBuildPhase section */

/* Begin PBXShellScriptBuildPhase section */
		A24DA12E6951746D48A46694 /* [CP] Check Pods Manifest.lock */ = {
			isa = PBXShellScriptBuildPhase;
			buildActionMask = 2147483647;
			files = (
			);
			inputPaths = (
				"${PODS_PODFILE_DIR_PATH}/Podfile.lock",
				"${PODS_ROOT}/Manifest.lock",
			);
			name = "[CP] Check Pods Manifest.lock";
			outputPaths = (
				"$(DERIVED_FILE_DIR)/Pods-Pomodoro-checkManifestLockResult.txt",
			);
			runOnlyForDeploymentPostprocessing = 0;
			shellPath = /bin/sh;
			shellScript = "diff \"${PODS_PODFILE_DIR_PATH}/Podfile.lock\" \"${PODS_ROOT}/Manifest.lock\" > /dev/null\nif [ $? != 0 ] ; then\n    # print error to STDERR\n    echo \"error: The sandbox is not in sync with the Podfile.lock. Run 'pod install' or update your CocoaPods installation.\" >&2\n    exit 1\nfi\n# This output is used by Xcode 'outputs' to avoid re-running this script phase.\necho \"SUCCESS\" > \"${SCRIPT_OUTPUT_FILE_0}\"\n";
			showEnvVarsInLog = 0;
		};
		ADF75CC7ADE98E15A5016F06 /* [CP] Embed Pods Frameworks */ = {
			isa = PBXShellScriptBuildPhase;
			buildActionMask = 2147483647;
			files = (
			);
			inputPaths = (
				"${SRCROOT}/Pods/Target Support Files/Pods-Pomodoro/Pods-Pomodoro-frameworks.sh",
				"${BUILT_PRODUCTS_DIR}/DynamicColor/DynamicColor.framework",
				"${BUILT_PRODUCTS_DIR}/SwiftIconFont/SwiftIconFont.framework",
				"${BUILT_PRODUCTS_DIR}/TinyConstraints/TinyConstraints.framework",
				"${BUILT_PRODUCTS_DIR}/ViewAnimator/ViewAnimator.framework",
			);
			name = "[CP] Embed Pods Frameworks";
			outputPaths = (
				"${TARGET_BUILD_DIR}/${FRAMEWORKS_FOLDER_PATH}/DynamicColor.framework",
				"${TARGET_BUILD_DIR}/${FRAMEWORKS_FOLDER_PATH}/SwiftIconFont.framework",
				"${TARGET_BUILD_DIR}/${FRAMEWORKS_FOLDER_PATH}/TinyConstraints.framework",
				"${TARGET_BUILD_DIR}/${FRAMEWORKS_FOLDER_PATH}/ViewAnimator.framework",
			);
			runOnlyForDeploymentPostprocessing = 0;
			shellPath = /bin/sh;
			shellScript = "\"${SRCROOT}/Pods/Target Support Files/Pods-Pomodoro/Pods-Pomodoro-frameworks.sh\"\n";
			showEnvVarsInLog = 0;
		};
/* End PBXShellScriptBuildPhase section */

/* Begin PBXSourcesBuildPhase section */
		B2018343210E9BD1009E1AD5 /* Sources */ = {
			isa = PBXSourcesBuildPhase;
			buildActionMask = 2147483647;
			files = (
				B201834D210E9BD1009E1AD5 /* Pomodoro_macOS.xcdatamodeld in Sources */,
				B201834A210E9BD1009E1AD5 /* AppDelegate.swift in Sources */,
			);
			runOnlyForDeploymentPostprocessing = 0;
		};
		B2120614210E9A740073D34C /* Sources */ = {
			isa = PBXSourcesBuildPhase;
			buildActionMask = 2147483647;
			files = (
				B2120624210E9A740073D34C /* Pomodoro.xcdatamodeld in Sources */,
				B212061E210E9A740073D34C /* ViewController.swift in Sources */,
				B212061C210E9A740073D34C /* AppDelegate.swift in Sources */,
			);
			runOnlyForDeploymentPostprocessing = 0;
		};
/* End PBXSourcesBuildPhase section */

/* Begin PBXVariantGroup section */
		B2018350210E9BD2009E1AD5 /* MainMenu.xib */ = {
			isa = PBXVariantGroup;
			children = (
				B2018351210E9BD2009E1AD5 /* Base */,
			);
			name = MainMenu.xib;
			sourceTree = "<group>";
		};
		B2120627210E9A750073D34C /* LaunchScreen.storyboard */ = {
			isa = PBXVariantGroup;
			children = (
				B2120628210E9A750073D34C /* Base */,
			);
			name = LaunchScreen.storyboard;
			sourceTree = "<group>";
		};
/* End PBXVariantGroup section */

/* Begin XCBuildConfiguration section */
		B2018355210E9BD2009E1AD5 /* Debug */ = {
			isa = XCBuildConfiguration;
			buildSettings = {
				ASSETCATALOG_COMPILER_APPICON_NAME = AppIcon;
				CODE_SIGN_ENTITLEMENTS = "Pomodoro macOS/Pomodoro_macOS.entitlements";
				CODE_SIGN_IDENTITY = "Mac Developer";
				CODE_SIGN_STYLE = Automatic;
				COMBINE_HIDPI_IMAGES = YES;
				DEVELOPMENT_TEAM = TF4L75X767;
				INFOPLIST_FILE = "Pomodoro macOS/Info.plist";
				LD_RUNPATH_SEARCH_PATHS = (
					"$(inherited)",
					"@executable_path/../Frameworks",
				);
				MACOSX_DEPLOYMENT_TARGET = 10.13;
				PRODUCT_BUNDLE_IDENTIFIER = rijn.Pomodoro.macos;
				PRODUCT_NAME = "$(TARGET_NAME)";
				SDKROOT = macosx;
				SWIFT_VERSION = 4.0;
			};
			name = Debug;
		};
		B2018356210E9BD2009E1AD5 /* Release */ = {
			isa = XCBuildConfiguration;
			buildSettings = {
				ASSETCATALOG_COMPILER_APPICON_NAME = AppIcon;
				CODE_SIGN_ENTITLEMENTS = "Pomodoro macOS/Pomodoro_macOS.entitlements";
				CODE_SIGN_IDENTITY = "Mac Developer";
				CODE_SIGN_STYLE = Automatic;
				COMBINE_HIDPI_IMAGES = YES;
				DEVELOPMENT_TEAM = TF4L75X767;
				INFOPLIST_FILE = "Pomodoro macOS/Info.plist";
				LD_RUNPATH_SEARCH_PATHS = (
					"$(inherited)",
					"@executable_path/../Frameworks",
				);
				MACOSX_DEPLOYMENT_TARGET = 10.13;
				PRODUCT_BUNDLE_IDENTIFIER = rijn.Pomodoro.macos;
				PRODUCT_NAME = "$(TARGET_NAME)";
				SDKROOT = macosx;
				SWIFT_VERSION = 4.0;
			};
			name = Release;
		};
		B212062B210E9A750073D34C /* Debug */ = {
			isa = XCBuildConfiguration;
			buildSettings = {
				ALWAYS_SEARCH_USER_PATHS = NO;
				CLANG_ANALYZER_NONNULL = YES;
				CLANG_ANALYZER_NUMBER_OBJECT_CONVERSION = YES_AGGRESSIVE;
				CLANG_CXX_LANGUAGE_STANDARD = "gnu++14";
				CLANG_CXX_LIBRARY = "libc++";
				CLANG_ENABLE_MODULES = YES;
				CLANG_ENABLE_OBJC_ARC = YES;
				CLANG_ENABLE_OBJC_WEAK = YES;
				CLANG_WARN_BLOCK_CAPTURE_AUTORELEASING = YES;
				CLANG_WARN_BOOL_CONVERSION = YES;
				CLANG_WARN_COMMA = YES;
				CLANG_WARN_CONSTANT_CONVERSION = YES;
				CLANG_WARN_DEPRECATED_OBJC_IMPLEMENTATIONS = YES;
				CLANG_WARN_DIRECT_OBJC_ISA_USAGE = YES_ERROR;
				CLANG_WARN_DOCUMENTATION_COMMENTS = YES;
				CLANG_WARN_EMPTY_BODY = YES;
				CLANG_WARN_ENUM_CONVERSION = YES;
				CLANG_WARN_INFINITE_RECURSION = YES;
				CLANG_WARN_INT_CONVERSION = YES;
				CLANG_WARN_NON_LITERAL_NULL_CONVERSION = YES;
				CLANG_WARN_OBJC_IMPLICIT_RETAIN_SELF = YES;
				CLANG_WARN_OBJC_LITERAL_CONVERSION = YES;
				CLANG_WARN_OBJC_ROOT_CLASS = YES_ERROR;
				CLANG_WARN_RANGE_LOOP_ANALYSIS = YES;
				CLANG_WARN_STRICT_PROTOTYPES = YES;
				CLANG_WARN_SUSPICIOUS_MOVE = YES;
				CLANG_WARN_UNGUARDED_AVAILABILITY = YES_AGGRESSIVE;
				CLANG_WARN_UNREACHABLE_CODE = YES;
				CLANG_WARN__DUPLICATE_METHOD_MATCH = YES;
				CODE_SIGN_IDENTITY = "iPhone Developer";
				COPY_PHASE_STRIP = NO;
				DEBUG_INFORMATION_FORMAT = dwarf;
				ENABLE_STRICT_OBJC_MSGSEND = YES;
				ENABLE_TESTABILITY = YES;
				GCC_C_LANGUAGE_STANDARD = gnu11;
				GCC_DYNAMIC_NO_PIC = NO;
				GCC_NO_COMMON_BLOCKS = YES;
				GCC_OPTIMIZATION_LEVEL = 0;
				GCC_PREPROCESSOR_DEFINITIONS = (
					"DEBUG=1",
					"$(inherited)",
				);
				GCC_WARN_64_TO_32_BIT_CONVERSION = YES;
				GCC_WARN_ABOUT_RETURN_TYPE = YES_ERROR;
				GCC_WARN_UNDECLARED_SELECTOR = YES;
				GCC_WARN_UNINITIALIZED_AUTOS = YES_AGGRESSIVE;
				GCC_WARN_UNUSED_FUNCTION = YES;
				GCC_WARN_UNUSED_VARIABLE = YES;
				IPHONEOS_DEPLOYMENT_TARGET = 11.4;
				MTL_ENABLE_DEBUG_INFO = YES;
				ONLY_ACTIVE_ARCH = YES;
				SDKROOT = iphoneos;
				SWIFT_ACTIVE_COMPILATION_CONDITIONS = DEBUG;
				SWIFT_OPTIMIZATION_LEVEL = "-Onone";
			};
			name = Debug;
		};
		B212062C210E9A750073D34C /* Release */ = {
			isa = XCBuildConfiguration;
			buildSettings = {
				ALWAYS_SEARCH_USER_PATHS = NO;
				CLANG_ANALYZER_NONNULL = YES;
				CLANG_ANALYZER_NUMBER_OBJECT_CONVERSION = YES_AGGRESSIVE;
				CLANG_CXX_LANGUAGE_STANDARD = "gnu++14";
				CLANG_CXX_LIBRARY = "libc++";
				CLANG_ENABLE_MODULES = YES;
				CLANG_ENABLE_OBJC_ARC = YES;
				CLANG_ENABLE_OBJC_WEAK = YES;
				CLANG_WARN_BLOCK_CAPTURE_AUTORELEASING = YES;
				CLANG_WARN_BOOL_CONVERSION = YES;
				CLANG_WARN_COMMA = YES;
				CLANG_WARN_CONSTANT_CONVERSION = YES;
				CLANG_WARN_DEPRECATED_OBJC_IMPLEMENTATIONS = YES;
				CLANG_WARN_DIRECT_OBJC_ISA_USAGE = YES_ERROR;
				CLANG_WARN_DOCUMENTATION_COMMENTS = YES;
				CLANG_WARN_EMPTY_BODY = YES;
				CLANG_WARN_ENUM_CONVERSION = YES;
				CLANG_WARN_INFINITE_RECURSION = YES;
				CLANG_WARN_INT_CONVERSION = YES;
				CLANG_WARN_NON_LITERAL_NULL_CONVERSION = YES;
				CLANG_WARN_OBJC_IMPLICIT_RETAIN_SELF = YES;
				CLANG_WARN_OBJC_LITERAL_CONVERSION = YES;
				CLANG_WARN_OBJC_ROOT_CLASS = YES_ERROR;
				CLANG_WARN_RANGE_LOOP_ANALYSIS = YES;
				CLANG_WARN_STRICT_PROTOTYPES = YES;
				CLANG_WARN_SUSPICIOUS_MOVE = YES;
				CLANG_WARN_UNGUARDED_AVAILABILITY = YES_AGGRESSIVE;
				CLANG_WARN_UNREACHABLE_CODE = YES;
				CLANG_WARN__DUPLICATE_METHOD_MATCH = YES;
				CODE_SIGN_IDENTITY = "iPhone Developer";
				COPY_PHASE_STRIP = NO;
				DEBUG_INFORMATION_FORMAT = "dwarf-with-dsym";
				ENABLE_NS_ASSERTIONS = NO;
				ENABLE_STRICT_OBJC_MSGSEND = YES;
				GCC_C_LANGUAGE_STANDARD = gnu11;
				GCC_NO_COMMON_BLOCKS = YES;
				GCC_WARN_64_TO_32_BIT_CONVERSION = YES;
				GCC_WARN_ABOUT_RETURN_TYPE = YES_ERROR;
				GCC_WARN_UNDECLARED_SELECTOR = YES;
				GCC_WARN_UNINITIALIZED_AUTOS = YES_AGGRESSIVE;
				GCC_WARN_UNUSED_FUNCTION = YES;
				GCC_WARN_UNUSED_VARIABLE = YES;
				IPHONEOS_DEPLOYMENT_TARGET = 11.4;
				MTL_ENABLE_DEBUG_INFO = NO;
				SDKROOT = iphoneos;
				SWIFT_COMPILATION_MODE = wholemodule;
				SWIFT_OPTIMIZATION_LEVEL = "-O";
				VALIDATE_PRODUCT = YES;
			};
			name = Release;
		};
		B212062E210E9A750073D34C /* Debug */ = {
			isa = XCBuildConfiguration;
			baseConfigurationReference = CAE745EB04D9FCF3E3EFDEB1 /* Pods-Pomodoro.debug.xcconfig */;
			buildSettings = {
				ASSETCATALOG_COMPILER_APPICON_NAME = AppIcon;
				CODE_SIGN_STYLE = Automatic;
				DEVELOPMENT_TEAM = TF4L75X767;
				INFOPLIST_FILE = Pomodoro/Info.plist;
				LD_RUNPATH_SEARCH_PATHS = (
					"$(inherited)",
					"@executable_path/Frameworks",
				);
				PRODUCT_BUNDLE_IDENTIFIER = rijn.Pomodoro.ios;
				PRODUCT_NAME = "$(TARGET_NAME)";
				SWIFT_VERSION = 4.0;
				TARGETED_DEVICE_FAMILY = "1,2";
			};
			name = Debug;
		};
		B212062F210E9A750073D34C /* Release */ = {
			isa = XCBuildConfiguration;
			baseConfigurationReference = 32A319CBADDE62156617E9C9 /* Pods-Pomodoro.release.xcconfig */;
			buildSettings = {
				ASSETCATALOG_COMPILER_APPICON_NAME = AppIcon;
				CODE_SIGN_STYLE = Automatic;
				DEVELOPMENT_TEAM = TF4L75X767;
				INFOPLIST_FILE = Pomodoro/Info.plist;
				LD_RUNPATH_SEARCH_PATHS = (
					"$(inherited)",
					"@executable_path/Frameworks",
				);
				PRODUCT_BUNDLE_IDENTIFIER = rijn.Pomodoro.ios;
				PRODUCT_NAME = "$(TARGET_NAME)";
				SWIFT_VERSION = 4.0;
				TARGETED_DEVICE_FAMILY = "1,2";
			};
			name = Release;
		};
/* End XCBuildConfiguration section */

/* Begin XCConfigurationList section */
		B2018357210E9BD2009E1AD5 /* Build configuration list for PBXNativeTarget "Pomodoro macOS" */ = {
			isa = XCConfigurationList;
			buildConfigurations = (
				B2018355210E9BD2009E1AD5 /* Debug */,
				B2018356210E9BD2009E1AD5 /* Release */,
			);
			defaultConfigurationIsVisible = 0;
			defaultConfigurationName = Release;
		};
		B2120613210E9A740073D34C /* Build configuration list for PBXProject "Pomodoro" */ = {
			isa = XCConfigurationList;
			buildConfigurations = (
				B212062B210E9A750073D34C /* Debug */,
				B212062C210E9A750073D34C /* Release */,
			);
			defaultConfigurationIsVisible = 0;
			defaultConfigurationName = Release;
		};
		B212062D210E9A750073D34C /* Build configuration list for PBXNativeTarget "Pomodoro" */ = {
			isa = XCConfigurationList;
			buildConfigurations = (
				B212062E210E9A750073D34C /* Debug */,
				B212062F210E9A750073D34C /* Release */,
			);
			defaultConfigurationIsVisible = 0;
			defaultConfigurationName = Release;
		};
/* End XCConfigurationList section */

/* Begin XCVersionGroup section */
		B201834B210E9BD1009E1AD5 /* Pomodoro_macOS.xcdatamodeld */ = {
			isa = XCVersionGroup;
			children = (
				B201834C210E9BD1009E1AD5 /* Pomodoro_macOS.xcdatamodel */,
			);
			currentVersion = B201834C210E9BD1009E1AD5 /* Pomodoro_macOS.xcdatamodel */;
			path = Pomodoro_macOS.xcdatamodeld;
			sourceTree = "<group>";
			versionGroupType = wrapper.xcdatamodel;
		};
		B2120622210E9A740073D34C /* Pomodoro.xcdatamodeld */ = {
			isa = XCVersionGroup;
			children = (
				B2120623210E9A740073D34C /* Pomodoro.xcdatamodel */,
			);
			currentVersion = B2120623210E9A740073D34C /* Pomodoro.xcdatamodel */;
			path = Pomodoro.xcdatamodeld;
			sourceTree = "<group>";
			versionGroupType = wrapper.xcdatamodel;
		};
/* End XCVersionGroup section */
	};
	rootObject = B2120610210E9A740073D34C /* Project object */;
}
